
Microsoft Visual Studio Solution File, Format Version 12.00
# Visual Studio Version 17
VisualStudioVersion = 17.0.32014.148
MinimumVisualStudioVersion = 10.0.40219.1
Project("{9A19103F-16F7-4668-BE54-9A1E7A4F7556}") = "TestAPI", "TestAPI\TestAPI.csproj", "{9F616AE7-73AB-493C-B6DC-444C592D9C87}"
EndProject
Project("{00D1A9C2-B5F0-4AF3-8072-F6C62B433612}") = "TestDB", "TestDB\TestDB.sqlproj", "{A720BF0D-868C-404E-9A87-410694A01C6F}"
EndProject
Project("{2150E333-8FDC-42A3-9474-1A3956D46DE8}") = "Solution Items", "Solution Items", "{1F88CFFE-5B73-43AC-B46D-DC5F510DBBF4}"
	ProjectSection(SolutionItems) = preProject
		Readme.md = Readme.md
	EndProjectSection
EndProject
Global
	GlobalSection(SolutionConfigurationPlatforms) = preSolution
		Debug|Any CPU = Debug|Any CPU
		Release|Any CPU = Release|Any CPU
	EndGlobalSection
	GlobalSection(ProjectConfigurationPlatforms) = postSolution
		{9F616AE7-73AB-493C-B6DC-444C592D9C87}.Debug|Any CPU.ActiveCfg = Debug|Any CPU
		{9F616AE7-73AB-493C-B6DC-444C592D9C87}.Debug|Any CPU.Build.0 = Debug|Any CPU
		{9F616AE7-73AB-493C-B6DC-444C592D9C87}.Release|Any CPU.ActiveCfg = Release|Any CPU
		{9F616AE7-73AB-493C-B6DC-444C592D9C87}.Release|Any CPU.Build.0 = Release|Any CPU
		{A720BF0D-868C-404E-9A87-410694A01C6F}.Debug|Any CPU.ActiveCfg = Debug|Any CPU
		{A720BF0D-868C-404E-9A87-410694A01C6F}.Debug|Any CPU.Build.0 = Debug|Any CPU
		{A720BF0D-868C-404E-9A87-410694A01C6F}.Debug|Any CPU.Deploy.0 = Debug|Any CPU
		{A720BF0D-868C-404E-9A87-410694A01C6F}.Release|Any CPU.ActiveCfg = Release|Any CPU
		{A720BF0D-868C-404E-9A87-410694A01C6F}.Release|Any CPU.Build.0 = Release|Any CPU
		{A720BF0D-868C-404E-9A87-410694A01C6F}.Release|Any CPU.Deploy.0 = Release|Any CPU
	EndGlobalSection
	GlobalSection(SolutionProperties) = preSolution
		HideSolutionNode = FALSE
	EndGlobalSection
	GlobalSection(ExtensibilityGlobals) = postSolution
		SolutionGuid = {4B3A5247-53B1-4545-B0E1-9197A1BF6562}
	EndGlobalSection
EndGlobal
